{
    "_readme": [
        "This file locks the dependencies of your project to a known state",
        "Read more about it at https://getcomposer.org/doc/01-basic-usage.md#composer-lock-the-lock-file",
        "This file is @generated automatically"
    ],
    "content-hash": "e416761dc147b87d8f5339570e247ac6",
    "packages": [
        {
            "name": "yaroskov/data",
            "version": "v1.0.11-stable",
            "source": {
                "type": "git",
                "url": "https://github.com/yaroskov/data.git",
                "reference": "1a031a3cb85645481bd57092de7eb0d20e5bf145"
            },
            "dist": {
                "type": "zip",
                "url": "https://api.github.com/repos/yaroskov/data/zipball/1a031a3cb85645481bd57092de7eb0d20e5bf145",
                "reference": "1a031a3cb85645481bd57092de7eb0d20e5bf145",
                "shasum": ""
            },
            "require": {
                "php": ">=7.2"
            },
            "require-dev": {
                "php": ">=7.2"
            },
            "type": "library",
            "autoload": {
                "psr-4": {
                    "Yaroskov\\Data\\": "src/",
                    "Yaroskov\\Data\\Components\\": "src/Components/"
                }
            },
            "notification-url": "https://packagist.org/downloads/",
            "license": [
                "GPL-3.0-only"
            ],
            "authors": [
                {
                    "name": "Yaroslav Kovalev",
                    "email": "yaroskov@yandex.ru"
                }
            ],
            "description": "This is a data handler package",
            "time": "2019-01-18T09:08:05+00:00"
        },
        {
            "name": "yaroskov/resource",
            "version": "dev-master",
            "source": {
                "type": "git",
                "url": "https://github.com/yaroskov/resource.git",
                "reference": "524f273f8fa4b370284616fd21eef9d1a4bf36d9"
            },
            "dist": {
                "type": "zip",
                "url": "https://api.github.com/repos/yaroskov/resource/zipball/524f273f8fa4b370284616fd21eef9d1a4bf36d9",
                "reference": "524f273f8fa4b370284616fd21eef9d1a4bf36d9",
                "shasum": ""
            },
            "require": {
                "php": ">=7.2",
                "yaroskov/data": ">=1.0.0-stable"
            },
            "require-dev": {
                "php": ">=7.2"
            },
            "type": "library",
            "autoload": {
                "psr-4": {
                    "Yaroskov\\Resource\\": "src/",
                    "Yaroskov\\Resource\\Components\\": "src/Components/"
                }
            },
            "notification-url": "https://packagist.org/downloads/",
            "license": [
                "GPL-3.0-only"
            ],
            "authors": [
                {
                    "name": "Yaroslav Kovalev",
                    "email": "yaroskov@yandex.ru"
                }
            ],
            "description": "A package that receives data from third-party resources",
            "time": "2019-01-18T09:15:57+00:00"
        }
    ],
    "packages-dev": [],
    "aliases": [],
    "minimum-stability": "stable",
    "stability-flags": {
        "yaroskov/resource": 20
    },
    "prefer-stable": false,
    "prefer-lowest": false,
    "platform": [],
    "platform-dev": []
}
